
Microsoft Visual Studio Solution File, Format Version 12.00
# Visual Studio Version 17
VisualStudioVersion = 17.10.35004.147
MinimumVisualStudioVersion = 10.0.40219.1
Project("{FAE04EC0-301F-11D3-BF4B-00C04F79EFBC}") = "eDIPEmotiBitMerge", "eDIPEmotiBitMerge.csproj", "{F524BF05-F5FA-42CD-8263-E312EE9B35B6}"
EndProject
Global
	GlobalSection(SolutionConfigurationPlatforms) = preSolution
		Debug|Any CPU = Debug|Any CPU
		Release|Any CPU = Release|Any CPU
	EndGlobalSection
	GlobalSection(ProjectConfigurationPlatforms) = postSolution
		{F524BF05-F5FA-42CD-8263-E312EE9B35B6}.Debug|Any CPU.ActiveCfg = Debug|Any CPU
		{F524BF05-F5FA-42CD-8263-E312EE9B35B6}.Debug|Any CPU.Build.0 = Debug|Any CPU
		{F524BF05-F5FA-42CD-8263-E312EE9B35B6}.Release|Any CPU.ActiveCfg = Release|Any CPU
		{F524BF05-F5FA-42CD-8263-E312EE9B35B6}.Release|Any CPU.Build.0 = Release|Any CPU
	EndGlobalSection
	GlobalSection(SolutionProperties) = preSolution
		HideSolutionNode = FALSE
	EndGlobalSection
	GlobalSection(ExtensibilityGlobals) = postSolution
		SolutionGuid = {12A49A8D-835D-4C80-A4B4-E07129F8910E}
	EndGlobalSection
EndGlobal
